// !$*UTF8*$!
{
	archiveVersion = 1;
	classes = {
	};
	objectVersion = 46;
	objects = {

/* Begin PBXBuildFile section */
		9C58828F1F7B44FF0080F21B /* main.m in Sources */ = {isa = PBXBuildFile; fileRef = 9C58828E1F7B44FF0080F21B /* main.m */; };
		9C5882971F7B45190080F21B /* Person.m in Sources */ = {isa = PBXBuildFile; fileRef = 9C5882961F7B45190080F21B /* Person.m */; };
		9C58829A1F7B452E0080F21B /* MDCPerson.m in Sources */ = {isa = PBXBuildFile; fileRef = 9C5882991F7B452E0080F21B /* MDCPerson.m */; };
		9C58829D1F7B453D0080F21B /* MDCProfessor.m in Sources */ = {isa = PBXBuildFile; fileRef = 9C58829C1F7B453D0080F21B /* MDCProfessor.m */; };
		9C5882A01F7B45500080F21B /* MDCStudent.m in Sources */ = {isa = PBXBuildFile; fileRef = 9C58829F1F7B45500080F21B /* MDCStudent.m */; };
/* End PBXBuildFile section */

/* Begin PBXCopyFilesBuildPhase section */
		9C5882891F7B44FF0080F21B /* CopyFiles */ = {
			isa = PBXCopyFilesBuildPhase;
			buildActionMask = 2147483647;
			dstPath = /usr/share/man/man1/;
			dstSubfolderSpec = 0;
			files = (
			);
			runOnlyForDeploymentPostprocessing = 1;
		};
/* End PBXCopyFilesBuildPhase section */

/* Begin PBXFileReference section */
		9C58828B1F7B44FF0080F21B /* HW01-MatthewSchwartz */ = {isa = PBXFileReference; explicitFileType = "compiled.mach-o.executable"; includeInIndex = 0; path = "HW01-MatthewSchwartz"; sourceTree = BUILT_PRODUCTS_DIR; };
		9C58828E1F7B44FF0080F21B /* main.m */ = {isa = PBXFileReference; lastKnownFileType = sourcecode.c.objc; path = main.m; sourceTree = "<group>"; };
		9C5882951F7B45190080F21B /* Person.h */ = {isa = PBXFileReference; fileEncoding = 4; lastKnownFileType = sourcecode.c.h; path = Person.h; sourceTree = "<group>"; };
		9C5882961F7B45190080F21B /* Person.m */ = {isa = PBXFileReference; fileEncoding = 4; lastKnownFileType = sourcecode.c.objc; path = Person.m; sourceTree = "<group>"; };
		9C5882981F7B452E0080F21B /* MDCPerson.h */ = {isa = PBXFileReference; fileEncoding = 4; lastKnownFileType = sourcecode.c.h; path = MDCPerson.h; sourceTree = "<group>"; };
		9C5882991F7B452E0080F21B /* MDCPerson.m */ = {isa = PBXFileReference; fileEncoding = 4; lastKnownFileType = sourcecode.c.objc; path = MDCPerson.m; sourceTree = "<group>"; };
		9C58829B1F7B453D0080F21B /* MDCProfessor.h */ = {isa = PBXFileReference; fileEncoding = 4; lastKnownFileType = sourcecode.c.h; path = MDCProfessor.h; sourceTree = "<group>"; };
		9C58829C1F7B453D0080F21B /* MDCProfessor.m */ = {isa = PBXFileReference; fileEncoding = 4; lastKnownFileType = sourcecode.c.objc; path = MDCProfessor.m; sourceTree = "<group>"; };
		9C58829E1F7B45500080F21B /* MDCStudent.h */ = {isa = PBXFileReference; fileEncoding = 4; lastKnownFileType = sourcecode.c.h; path = MDCStudent.h; sourceTree = "<group>"; };
		9C58829F1F7B45500080F21B /* MDCStudent.m */ = {isa = PBXFileReference; fileEncoding = 4; lastKnownFileType = sourcecode.c.objc; path = MDCStudent.m; sourceTree = "<group>"; };
/* End PBXFileReference section */

/* Begin PBXFrameworksBuildPhase section */
		9C5882881F7B44FF0080F21B /* Frameworks */ = {
			isa = PBXFrameworksBuildPhase;
			buildActionMask = 2147483647;
			files = (
			);
			runOnlyForDeploymentPostprocessing = 0;
		};
/* End PBXFrameworksBuildPhase section */

/* Begin PBXGroup section */
		9C5882821F7B44FE0080F21B = {
			isa = PBXGroup;
			children = (
				9C58828D1F7B44FF0080F21B /* HW01-MatthewSchwartz */,
				9C58828C1F7B44FF0080F21B /* Products */,
			);
			sourceTree = "<group>";
		};
		9C58828C1F7B44FF0080F21B /* Products */ = {
			isa = PBXGroup;
			children = (
				9C58828B1F7B44FF0080F21B /* HW01-MatthewSchwartz */,
			);
			name = Products;
			sourceTree = "<group>";
		};
		9C58828D1F7B44FF0080F21B /* HW01-MatthewSchwartz */ = {
			isa = PBXGroup;
			children = (
				9C58828E1F7B44FF0080F21B /* main.m */,
				9C5882951F7B45190080F21B /* Person.h */,
				9C5882961F7B45190080F21B /* Person.m */,
				9C5882981F7B452E0080F21B /* MDCPerson.h */,
				9C5882991F7B452E0080F21B /* MDCPerson.m */,
				9C58829B1F7B453D0080F21B /* MDCProfessor.h */,
				9C58829C1F7B453D0080F21B /* MDCProfessor.m */,
				9C58829E1F7B45500080F21B /* MDCStudent.h */,
				9C58829F1F7B45500080F21B /* MDCStudent.m */,
			);
			path = "HW01-MatthewSchwartz";
			sourceTree = "<group>";
		};
/* End PBXGroup section */

/* Begin PBXNativeTarget section */
		9C58828A1F7B44FF0080F21B /* HW01-MatthewSchwartz */ = {
			isa = PBXNativeTarget;
			buildConfigurationList = 9C5882921F7B44FF0080F21B /* Build configuration list for PBXNativeTarget "HW01-MatthewSchwartz" */;
			buildPhases = (
				9C5882871F7B44FF0080F21B /* Sources */,
				9C5882881F7B44FF0080F21B /* Frameworks */,
				9C5882891F7B44FF0080F21B /* CopyFiles */,
			);
			buildRules = (
			);
			dependencies = (
			);
			name = "HW01-MatthewSchwartz";
			productName = "HW01-MatthewSchwartz";
			productReference = 9C58828B1F7B44FF0080F21B /* HW01-MatthewSchwartz */;
			productType = "com.apple.product-type.tool";
		};
/* End PBXNativeTarget section */

/* Begin PBXProject section */
		9C5882831F7B44FE0080F21B /* Project object */ = {
			isa = PBXProject;
			attributes = {
				LastUpgradeCheck = 0830;
				ORGANIZATIONNAME = Home;
				TargetAttributes = {
					9C58828A1F7B44FF0080F21B = {
						CreatedOnToolsVersion = 8.3.3;
						DevelopmentTeam = BTYVDH7D28;
						ProvisioningStyle = Automatic;
					};
				};
			};
			buildConfigurationList = 9C5882861F7B44FE0080F21B /* Build configuration list for PBXProject "HW01-MatthewSchwartz" */;
			compatibilityVersion = "Xcode 3.2";
			developmentRegion = English;
			hasScannedForEncodings = 0;
			knownRegions = (
				en,
			);
			mainGroup = 9C5882821F7B44FE0080F21B;
			productRefGroup = 9C58828C1F7B44FF0080F21B /* Products */;
			projectDirPath = "";
			projectRoot = "";
			targets = (
				9C58828A1F7B44FF0080F21B /* HW01-MatthewSchwartz */,
			);
		};
/* End PBXProject section */

/* Begin PBXSourcesBuildPhase section */
		9C5882871F7B44FF0080F21B /* Sources */ = {
			isa = PBXSourcesBuildPhase;
			buildActionMask = 2147483647;
			files = (
				9C5882A01F7B45500080F21B /* MDCStudent.m in Sources */,
				9C58829D1F7B453D0080F21B /* MDCProfessor.m in Sources */,
				9C58829A1F7B452E0080F21B /* MDCPerson.m in Sources */,
				9C5882971F7B45190080F21B /* Person.m in Sources */,
				9C58828F1F7B44FF0080F21B /* main.m in Sources */,
			);
			runOnlyForDeploymentPostprocessing = 0;
		};
/* End PBXSourcesBuildPhase section */

/* Begin XCBuildConfiguration section */
		9C5882901F7B44FF0080F21B /* Debug */ = {
			isa = XCBuildConfiguration;
			buildSettings = {
				ALWAYS_SEARCH_USER_PATHS = NO;
				CLANG_ANALYZER_NONNULL = YES;
				CLANG_ANALYZER_NUMBER_OBJECT_CONVERSION = YES_AGGRESSIVE;
				CLANG_CXX_LANGUAGE_STANDARD = "gnu++0x";
				CLANG_CXX_LIBRARY = "libc++";
				CLANG_ENABLE_MODULES = YES;
				CLANG_ENABLE_OBJC_ARC = YES;
				CLANG_WARN_BOOL_CONVERSION = YES;
				CLANG_WARN_CONSTANT_CONVERSION = YES;
				CLANG_WARN_DIRECT_OBJC_ISA_USAGE = YES_ERROR;
				CLANG_WARN_DOCUMENTATION_COMMENTS = YES;
				CLANG_WARN_EMPTY_BODY = YES;
				CLANG_WARN_ENUM_CONVERSION = YES;
				CLANG_WARN_INFINITE_RECURSION = YES;
				CLANG_WARN_INT_CONVERSION = YES;
				CLANG_WARN_OBJC_ROOT_CLASS = YES_ERROR;
				CLANG_WARN_SUSPICIOUS_MOVE = YES;
				CLANG_WARN_UNREACHABLE_CODE = YES;
				CLANG_WARN__DUPLICATE_METHOD_MATCH = YES;
				CODE_SIGN_IDENTITY = "-";
				COPY_PHASE_STRIP = NO;
				DEBUG_INFORMATION_FORMAT = dwarf;
				ENABLE_STRICT_OBJC_MSGSEND = YES;
				ENABLE_TESTABILITY = YES;
				GCC_C_LANGUAGE_STANDARD = gnu99;
				GCC_DYNAMIC_NO_PIC = NO;
				GCC_NO_COMMON_BLOCKS = YES;
				GCC_OPTIMIZATION_LEVEL = 0;
				GCC_PREPROCESSOR_DEFINITIONS = (
					"DEBUG=1",
					"$(inherited)",
				);
				GCC_WARN_64_TO_32_BIT_CONVERSION = YES;
				GCC_WARN_ABOUT_RETURN_TYPE = YES_ERROR;
				GCC_WARN_UNDECLARED_SELECTOR = YES;
				GCC_WARN_UNINITIALIZED_AUTOS = YES_AGGRESSIVE;
				GCC_WARN_UNUSED_FUNCTION = YES;
				GCC_WARN_UNUSED_VARIABLE = YES;
				MACOSX_DEPLOYMENT_TARGET = 10.12;
				MTL_ENABLE_DEBUG_INFO = YES;
				ONLY_ACTIVE_ARCH = YES;
				SDKROOT = macosx;
			};
			name = Debug;
		};
		9C5882911F7B44FF0080F21B /* Release */ = {
			isa = XCBuildConfiguration;
			buildSettings = {
				ALWAYS_SEARCH_USER_PATHS = NO;
				CLANG_ANALYZER_NONNULL = YES;
				CLANG_ANALYZER_NUMBER_OBJECT_CONVERSION = YES_AGGRESSIVE;
				CLANG_CXX_LANGUAGE_STANDARD = "gnu++0x";
				CLANG_CXX_LIBRARY = "libc++";
				CLANG_ENABLE_MODULES = YES;
				CLANG_ENABLE_OBJC_ARC = YES;
				CLANG_WARN_BOOL_CONVERSION = YES;
				CLANG_WARN_CONSTANT_CONVERSION = YES;
				CLANG_WARN_DIRECT_OBJC_ISA_USAGE = YES_ERROR;
				CLANG_WARN_DOCUMENTATION_COMMENTS = YES;
				CLANG_WARN_EMPTY_BODY = YES;
				CLANG_WARN_ENUM_CONVERSION = YES;
				CLANG_WARN_INFINITE_RECURSION = YES;
				CLANG_WARN_INT_CONVERSION = YES;
				CLANG_WARN_OBJC_ROOT_CLASS = YES_ERROR;
				CLANG_WARN_SUSPICIOUS_MOVE = YES;
				CLANG_WARN_UNREACHABLE_CODE = YES;
				CLANG_WARN__DUPLICATE_METHOD_MATCH = YES;
				CODE_SIGN_IDENTITY = "-";
				COPY_PHASE_STRIP = NO;
				DEBUG_INFORMATION_FORMAT = "dwarf-with-dsym";
				ENABLE_NS_ASSERTIONS = NO;
				ENABLE_STRICT_OBJC_MSGSEND = YES;
				GCC_C_LANGUAGE_STANDARD = gnu99;
				GCC_NO_COMMON_BLOCKS = YES;
				GCC_WARN_64_TO_32_BIT_CONVERSION = YES;
				GCC_WARN_ABOUT_RETURN_TYPE = YES_ERROR;
				GCC_WARN_UNDECLARED_SELECTOR = YES;
				GCC_WARN_UNINITIALIZED_AUTOS = YES_AGGRESSIVE;
				GCC_WARN_UNUSED_FUNCTION = YES;
				GCC_WARN_UNUSED_VARIABLE = YES;
				MACOSX_DEPLOYMENT_TARGET = 10.12;
				MTL_ENABLE_DEBUG_INFO = NO;
				SDKROOT = macosx;
			};
			name = Release;
		};
		9C5882931F7B44FF0080F21B /* Debug */ = {
			isa = XCBuildConfiguration;
			buildSettings = {
				DEVELOPMENT_TEAM = BTYVDH7D28;
				PRODUCT_NAME = "$(TARGET_NAME)";
			};
			name = Debug;
		};
		9C5882941F7B44FF0080F21B /* Release */ = {
			isa = XCBuildConfiguration;
			buildSettings = {
				DEVELOPMENT_TEAM = BTYVDH7D28;
				PRODUCT_NAME = "$(TARGET_NAME)";
			};
			name = Release;
		};
/* End XCBuildConfiguration section */

/* Begin XCConfigurationList section */
		9C5882861F7B44FE0080F21B /* Build configuration list for PBXProject "HW01-MatthewSchwartz" */ = {
			isa = XCConfigurationList;
			buildConfigurations = (
				9C5882901F7B44FF0080F21B /* Debug */,
				9C5882911F7B44FF0080F21B /* Release */,
			);
			defaultConfigurationIsVisible = 0;
			defaultConfigurationName = Release;
		};
		9C5882921F7B44FF0080F21B /* Build configuration list for PBXNativeTarget "HW01-MatthewSchwartz" */ = {
			isa = XCConfigurationList;
			buildConfigurations = (
				9C5882931F7B44FF0080F21B /* Debug */,
				9C5882941F7B44FF0080F21B /* Release */,
			);
			defaultConfigurationIsVisible = 0;
		};
/* End XCConfigurationList section */
	};
	rootObject = 9C5882831F7B44FE0080F21B /* Project object */;
}
